
Microsoft Visual Studio Solution File, Format Version 12.00
# Visual Studio 14
VisualStudioVersion = 14.0.24720.0
MinimumVisualStudioVersion = 10.0.40219.1
Project("{FAE04EC0-301F-11D3-BF4B-00C04F79EFBC}") = "Log4VFP", "Log4VFP\Log4VFP.csproj", "{DD39F799-4C43-4935-9D8C-1DF1CFE2A536}"
EndProject
Global
	GlobalSection(SolutionConfigurationPlatforms) = preSolution
		Debug|Any CPU = Debug|Any CPU
		Release|Any CPU = Release|Any CPU
	EndGlobalSection
	GlobalSection(ProjectConfigurationPlatforms) = postSolution
		{DD39F799-4C43-4935-9D8C-1DF1CFE2A536}.Debug|Any CPU.ActiveCfg = Debug|Any CPU
		{DD39F799-4C43-4935-9D8C-1DF1CFE2A536}.Debug|Any CPU.Build.0 = Debug|Any CPU
		{DD39F799-4C43-4935-9D8C-1DF1CFE2A536}.Release|Any CPU.ActiveCfg = Release|Any CPU
		{DD39F799-4C43-4935-9D8C-1DF1CFE2A536}.Release|Any CPU.Build.0 = Release|Any CPU
	EndGlobalSection
	GlobalSection(SolutionProperties) = preSolution
		HideSolutionNode = FALSE
	EndGlobalSection
EndGlobal
